// !$*UTF8*$!
{
	archiveVersion = 1;
	classes = {
	};
	objectVersion = 50;
	objects = {

/* Begin PBXBuildFile section */
		069E9FC7226F855500AA9683 /* AppDelegate.swift in Sources */ = {isa = PBXBuildFile; fileRef = 069E9FC6226F855500AA9683 /* AppDelegate.swift */; };
		069E9FC9226F855500AA9683 /* ViewController.swift in Sources */ = {isa = PBXBuildFile; fileRef = 069E9FC8226F855500AA9683 /* ViewController.swift */; };
		069E9FCC226F855500AA9683 /* Main.storyboard in Resources */ = {isa = PBXBuildFile; fileRef = 069E9FCA226F855500AA9683 /* Main.storyboard */; };
		069E9FCE226F855600AA9683 /* Assets.xcassets in Resources */ = {isa = PBXBuildFile; fileRef = 069E9FCD226F855600AA9683 /* Assets.xcassets */; };
		069E9FD1226F855600AA9683 /* LaunchScreen.storyboard in Resources */ = {isa = PBXBuildFile; fileRef = 069E9FCF226F855600AA9683 /* LaunchScreen.storyboard */; };
		069E9FDC226F85E600AA9683 /* FoodCategory.swift in Sources */ = {isa = PBXBuildFile; fileRef = 069E9FDB226F85E600AA9683 /* FoodCategory.swift */; };
		069E9FDE226F865600AA9683 /* Recipe.swift in Sources */ = {isa = PBXBuildFile; fileRef = 069E9FDD226F865600AA9683 /* Recipe.swift */; };
		069E9FE0226F86AE00AA9683 /* DataSet.swift in Sources */ = {isa = PBXBuildFile; fileRef = 069E9FDF226F86AE00AA9683 /* DataSet.swift */; };
		069EA004226FAA9A00AA9683 /* CategoryCell.swift in Sources */ = {isa = PBXBuildFile; fileRef = 069EA003226FAA9A00AA9683 /* CategoryCell.swift */; };
		069EA006226FB21D00AA9683 /* RecipesSelectionVC.swift in Sources */ = {isa = PBXBuildFile; fileRef = 069EA005226FB21D00AA9683 /* RecipesSelectionVC.swift */; };
		069EA008226FC24600AA9683 /* RecipeCell.swift in Sources */ = {isa = PBXBuildFile; fileRef = 069EA007226FC24600AA9683 /* RecipeCell.swift */; };
/* End PBXBuildFile section */

/* Begin PBXFileReference section */
		069E9FC3226F855500AA9683 /* GoodEatins.app */ = {isa = PBXFileReference; explicitFileType = wrapper.application; includeInIndex = 0; path = GoodEatins.app; sourceTree = BUILT_PRODUCTS_DIR; };
		069E9FC6226F855500AA9683 /* AppDelegate.swift */ = {isa = PBXFileReference; lastKnownFileType = sourcecode.swift; path = AppDelegate.swift; sourceTree = "<group>"; };
		069E9FC8226F855500AA9683 /* ViewController.swift */ = {isa = PBXFileReference; lastKnownFileType = sourcecode.swift; path = ViewController.swift; sourceTree = "<group>"; };
		069E9FCB226F855500AA9683 /* Base */ = {isa = PBXFileReference; lastKnownFileType = file.storyboard; name = Base; path = Base.lproj/Main.storyboard; sourceTree = "<group>"; };
		069E9FCD226F855600AA9683 /* Assets.xcassets */ = {isa = PBXFileReference; lastKnownFileType = folder.assetcatalog; path = Assets.xcassets; sourceTree = "<group>"; };
		069E9FD0226F855600AA9683 /* Base */ = {isa = PBXFileReference; lastKnownFileType = file.storyboard; name = Base; path = Base.lproj/LaunchScreen.storyboard; sourceTree = "<group>"; };
		069E9FD2226F855600AA9683 /* Info.plist */ = {isa = PBXFileReference; lastKnownFileType = text.plist.xml; path = Info.plist; sourceTree = "<group>"; };
		069E9FDB226F85E600AA9683 /* FoodCategory.swift */ = {isa = PBXFileReference; lastKnownFileType = sourcecode.swift; path = FoodCategory.swift; sourceTree = "<group>"; };
		069E9FDD226F865600AA9683 /* Recipe.swift */ = {isa = PBXFileReference; lastKnownFileType = sourcecode.swift; path = Recipe.swift; sourceTree = "<group>"; };
		069E9FDF226F86AE00AA9683 /* DataSet.swift */ = {isa = PBXFileReference; lastKnownFileType = sourcecode.swift; path = DataSet.swift; sourceTree = "<group>"; };
		069EA003226FAA9A00AA9683 /* CategoryCell.swift */ = {isa = PBXFileReference; lastKnownFileType = sourcecode.swift; path = CategoryCell.swift; sourceTree = "<group>"; };
		069EA005226FB21D00AA9683 /* RecipesSelectionVC.swift */ = {isa = PBXFileReference; lastKnownFileType = sourcecode.swift; path = RecipesSelectionVC.swift; sourceTree = "<group>"; };
		069EA007226FC24600AA9683 /* RecipeCell.swift */ = {isa = PBXFileReference; lastKnownFileType = sourcecode.swift; path = RecipeCell.swift; sourceTree = "<group>"; };
/* End PBXFileReference section */

/* Begin PBXFrameworksBuildPhase section */
		069E9FC0226F855500AA9683 /* Frameworks */ = {
			isa = PBXFrameworksBuildPhase;
			buildActionMask = 2147483647;
			files = (
			);
			runOnlyForDeploymentPostprocessing = 0;
		};
/* End PBXFrameworksBuildPhase section */

/* Begin PBXGroup section */
		069E9FBA226F855500AA9683 = {
			isa = PBXGroup;
			children = (
				069E9FC5226F855500AA9683 /* GoodEatins */,
				069E9FC4226F855500AA9683 /* Products */,
			);
			sourceTree = "<group>";
		};
		069E9FC4226F855500AA9683 /* Products */ = {
			isa = PBXGroup;
			children = (
				069E9FC3226F855500AA9683 /* GoodEatins.app */,
			);
			name = Products;
			sourceTree = "<group>";
		};
		069E9FC5226F855500AA9683 /* GoodEatins */ = {
			isa = PBXGroup;
			children = (
				069E9FC6226F855500AA9683 /* AppDelegate.swift */,
				069E9FD8226F859D00AA9683 /* Model */,
				069E9FD9226F85A600AA9683 /* View */,
				069E9FDA226F85B800AA9683 /* Controller */,
				069E9FCA226F855500AA9683 /* Main.storyboard */,
				069E9FCD226F855600AA9683 /* Assets.xcassets */,
				069E9FCF226F855600AA9683 /* LaunchScreen.storyboard */,
				069E9FD2226F855600AA9683 /* Info.plist */,
			);
			path = GoodEatins;
			sourceTree = "<group>";
		};
		069E9FD8226F859D00AA9683 /* Model */ = {
			isa = PBXGroup;
			children = (
				069E9FDB226F85E600AA9683 /* FoodCategory.swift */,
				069E9FDD226F865600AA9683 /* Recipe.swift */,
				069E9FDF226F86AE00AA9683 /* DataSet.swift */,
			);
			path = Model;
			sourceTree = "<group>";
		};
		069E9FD9226F85A600AA9683 /* View */ = {
			isa = PBXGroup;
			children = (
				069EA003226FAA9A00AA9683 /* CategoryCell.swift */,
				069EA007226FC24600AA9683 /* RecipeCell.swift */,
			);
			path = View;
			sourceTree = "<group>";
		};
		069E9FDA226F85B800AA9683 /* Controller */ = {
			isa = PBXGroup;
			children = (
				069EA005226FB21D00AA9683 /* RecipesSelectionVC.swift */,
				069E9FC8226F855500AA9683 /* ViewController.swift */,
			);
			path = Controller;
			sourceTree = "<group>";
		};
/* End PBXGroup section */

/* Begin PBXNativeTarget section */
		069E9FC2226F855500AA9683 /* GoodEatins */ = {
			isa = PBXNativeTarget;
			buildConfigurationList = 069E9FD5226F855600AA9683 /* Build configuration list for PBXNativeTarget "GoodEatins" */;
			buildPhases = (
				069E9FBF226F855500AA9683 /* Sources */,
				069E9FC0226F855500AA9683 /* Frameworks */,
				069E9FC1226F855500AA9683 /* Resources */,
			);
			buildRules = (
			);
			dependencies = (
			);
			name = GoodEatins;
			productName = GoodEatins;
			productReference = 069E9FC3226F855500AA9683 /* GoodEatins.app */;
			productType = "com.apple.product-type.application";
		};
/* End PBXNativeTarget section */

/* Begin PBXProject section */
		069E9FBB226F855500AA9683 /* Project object */ = {
			isa = PBXProject;
			attributes = {
				LastSwiftUpdateCheck = 1020;
				LastUpgradeCheck = 1020;
				ORGANIZATIONNAME = "Pardip Bhatti";
				TargetAttributes = {
					069E9FC2226F855500AA9683 = {
						CreatedOnToolsVersion = 10.2;
					};
				};
			};
			buildConfigurationList = 069E9FBE226F855500AA9683 /* Build configuration list for PBXProject "GoodEatins" */;
			compatibilityVersion = "Xcode 9.3";
			developmentRegion = en;
			hasScannedForEncodings = 0;
			knownRegions = (
				en,
				Base,
			);
			mainGroup = 069E9FBA226F855500AA9683;
			productRefGroup = 069E9FC4226F855500AA9683 /* Products */;
			projectDirPath = "";
			projectRoot = "";
			targets = (
				069E9FC2226F855500AA9683 /* GoodEatins */,
			);
		};
/* End PBXProject section */

/* Begin PBXResourcesBuildPhase section */
		069E9FC1226F855500AA9683 /* Resources */ = {
			isa = PBXResourcesBuildPhase;
			buildActionMask = 2147483647;
			files = (
				069E9FD1226F855600AA9683 /* LaunchScreen.storyboard in Resources */,
				069E9FCE226F855600AA9683 /* Assets.xcassets in Resources */,
				069E9FCC226F855500AA9683 /* Main.storyboard in Resources */,
			);
			runOnlyForDeploymentPostprocessing = 0;
		};
/* End PBXResourcesBuildPhase section */

/* Begin PBXSourcesBuildPhase section */
		069E9FBF226F855500AA9683 /* Sources */ = {
			isa = PBXSourcesBuildPhase;
			buildActionMask = 2147483647;
			files = (
				069E9FC9226F855500AA9683 /* ViewController.swift in Sources */,
				069E9FE0226F86AE00AA9683 /* DataSet.swift in Sources */,
				069E9FDC226F85E600AA9683 /* FoodCategory.swift in Sources */,
				069EA008226FC24600AA9683 /* RecipeCell.swift in Sources */,
				069E9FC7226F855500AA9683 /* AppDelegate.swift in Sources */,
				069EA006226FB21D00AA9683 /* RecipesSelectionVC.swift in Sources */,
				069E9FDE226F865600AA9683 /* Recipe.swift in Sources */,
				069EA004226FAA9A00AA9683 /* CategoryCell.swift in Sources */,
			);
			runOnlyForDeploymentPostprocessing = 0;
		};
/* End PBXSourcesBuildPhase section */

/* Begin PBXVariantGroup section */
		069E9FCA226F855500AA9683 /* Main.storyboard */ = {
			isa = PBXVariantGroup;
			children = (
				069E9FCB226F855500AA9683 /* Base */,
			);
			name = Main.storyboard;
			sourceTree = "<group>";
		};
		069E9FCF226F855600AA9683 /* LaunchScreen.storyboard */ = {
			isa = PBXVariantGroup;
			children = (
				069E9FD0226F855600AA9683 /* Base */,
			);
			name = LaunchScreen.storyboard;
			sourceTree = "<group>";
		};
/* End PBXVariantGroup section */

/* Begin XCBuildConfiguration section */
		069E9FD3226F855600AA9683 /* Debug */ = {
			isa = XCBuildConfiguration;
			buildSettings = {
				ALWAYS_SEARCH_USER_PATHS = NO;
				CLANG_ANALYZER_NONNULL = YES;
				CLANG_ANALYZER_NUMBER_OBJECT_CONVERSION = YES_AGGRESSIVE;
				CLANG_CXX_LANGUAGE_STANDARD = "gnu++14";
				CLANG_CXX_LIBRARY = "libc++";
				CLANG_ENABLE_MODULES = YES;
				CLANG_ENABLE_OBJC_ARC = YES;
				CLANG_ENABLE_OBJC_WEAK = YES;
				CLANG_WARN_BLOCK_CAPTURE_AUTORELEASING = YES;
				CLANG_WARN_BOOL_CONVERSION = YES;
				CLANG_WARN_COMMA = YES;
				CLANG_WARN_CONSTANT_CONVERSION = YES;
				CLANG_WARN_DEPRECATED_OBJC_IMPLEMENTATIONS = YES;
				CLANG_WARN_DIRECT_OBJC_ISA_USAGE = YES_ERROR;
				CLANG_WARN_DOCUMENTATION_COMMENTS = YES;
				CLANG_WARN_EMPTY_BODY = YES;
				CLANG_WARN_ENUM_CONVERSION = YES;
				CLANG_WARN_INFINITE_RECURSION = YES;
				CLANG_WARN_INT_CONVERSION = YES;
				CLANG_WARN_NON_LITERAL_NULL_CONVERSION = YES;
				CLANG_WARN_OBJC_IMPLICIT_RETAIN_SELF = YES;
				CLANG_WARN_OBJC_LITERAL_CONVERSION = YES;
				CLANG_WARN_OBJC_ROOT_CLASS = YES_ERROR;
				CLANG_WARN_RANGE_LOOP_ANALYSIS = YES;
				CLANG_WARN_STRICT_PROTOTYPES = YES;
				CLANG_WARN_SUSPICIOUS_MOVE = YES;
				CLANG_WARN_UNGUARDED_AVAILABILITY = YES_AGGRESSIVE;
				CLANG_WARN_UNREACHABLE_CODE = YES;
				CLANG_WARN__DUPLICATE_METHOD_MATCH = YES;
				CODE_SIGN_IDENTITY = "iPhone Developer";
				COPY_PHASE_STRIP = NO;
				DEBUG_INFORMATION_FORMAT = dwarf;
				ENABLE_STRICT_OBJC_MSGSEND = YES;
				ENABLE_TESTABILITY = YES;
				GCC_C_LANGUAGE_STANDARD = gnu11;
				GCC_DYNAMIC_NO_PIC = NO;
				GCC_NO_COMMON_BLOCKS = YES;
				GCC_OPTIMIZATION_LEVEL = 0;
				GCC_PREPROCESSOR_DEFINITIONS = (
					"DEBUG=1",
					"$(inherited)",
				);
				GCC_WARN_64_TO_32_BIT_CONVERSION = YES;
				GCC_WARN_ABOUT_RETURN_TYPE = YES_ERROR;
				GCC_WARN_UNDECLARED_SELECTOR = YES;
				GCC_WARN_UNINITIALIZED_AUTOS = YES_AGGRESSIVE;
				GCC_WARN_UNUSED_FUNCTION = YES;
				GCC_WARN_UNUSED_VARIABLE = YES;
				IPHONEOS_DEPLOYMENT_TARGET = 12.2;
				MTL_ENABLE_DEBUG_INFO = INCLUDE_SOURCE;
				MTL_FAST_MATH = YES;
				ONLY_ACTIVE_ARCH = YES;
				SDKROOT = iphoneos;
				SWIFT_ACTIVE_COMPILATION_CONDITIONS = DEBUG;
				SWIFT_OPTIMIZATION_LEVEL = "-Onone";
			};
			name = Debug;
		};
		069E9FD4226F855600AA9683 /* Release */ = {
			isa = XCBuildConfiguration;
			buildSettings = {
				ALWAYS_SEARCH_USER_PATHS = NO;
				CLANG_ANALYZER_NONNULL = YES;
				CLANG_ANALYZER_NUMBER_OBJECT_CONVERSION = YES_AGGRESSIVE;
				CLANG_CXX_LANGUAGE_STANDARD = "gnu++14";
				CLANG_CXX_LIBRARY = "libc++";
				CLANG_ENABLE_MODULES = YES;
				CLANG_ENABLE_OBJC_ARC = YES;
				CLANG_ENABLE_OBJC_WEAK = YES;
				CLANG_WARN_BLOCK_CAPTURE_AUTORELEASING = YES;
				CLANG_WARN_BOOL_CONVERSION = YES;
				CLANG_WARN_COMMA = YES;
				CLANG_WARN_CONSTANT_CONVERSION = YES;
				CLANG_WARN_DEPRECATED_OBJC_IMPLEMENTATIONS = YES;
				CLANG_WARN_DIRECT_OBJC_ISA_USAGE = YES_ERROR;
				CLANG_WARN_DOCUMENTATION_COMMENTS = YES;
				CLANG_WARN_EMPTY_BODY = YES;
				CLANG_WARN_ENUM_CONVERSION = YES;
				CLANG_WARN_INFINITE_RECURSION = YES;
				CLANG_WARN_INT_CONVERSION = YES;
				CLANG_WARN_NON_LITERAL_NULL_CONVERSION = YES;
				CLANG_WARN_OBJC_IMPLICIT_RETAIN_SELF = YES;
				CLANG_WARN_OBJC_LITERAL_CONVERSION = YES;
				CLANG_WARN_OBJC_ROOT_CLASS = YES_ERROR;
				CLANG_WARN_RANGE_LOOP_ANALYSIS = YES;
				CLANG_WARN_STRICT_PROTOTYPES = YES;
				CLANG_WARN_SUSPICIOUS_MOVE = YES;
				CLANG_WARN_UNGUARDED_AVAILABILITY = YES_AGGRESSIVE;
				CLANG_WARN_UNREACHABLE_CODE = YES;
				CLANG_WARN__DUPLICATE_METHOD_MATCH = YES;
				CODE_SIGN_IDENTITY = "iPhone Developer";
				COPY_PHASE_STRIP = NO;
				DEBUG_INFORMATION_FORMAT = "dwarf-with-dsym";
				ENABLE_NS_ASSERTIONS = NO;
				ENABLE_STRICT_OBJC_MSGSEND = YES;
				GCC_C_LANGUAGE_STANDARD = gnu11;
				GCC_NO_COMMON_BLOCKS = YES;
				GCC_WARN_64_TO_32_BIT_CONVERSION = YES;
				GCC_WARN_ABOUT_RETURN_TYPE = YES_ERROR;
				GCC_WARN_UNDECLARED_SELECTOR = YES;
				GCC_WARN_UNINITIALIZED_AUTOS = YES_AGGRESSIVE;
				GCC_WARN_UNUSED_FUNCTION = YES;
				GCC_WARN_UNUSED_VARIABLE = YES;
				IPHONEOS_DEPLOYMENT_TARGET = 12.2;
				MTL_ENABLE_DEBUG_INFO = NO;
				MTL_FAST_MATH = YES;
				SDKROOT = iphoneos;
				SWIFT_COMPILATION_MODE = wholemodule;
				SWIFT_OPTIMIZATION_LEVEL = "-O";
				VALIDATE_PRODUCT = YES;
			};
			name = Release;
		};
		069E9FD6226F855600AA9683 /* Debug */ = {
			isa = XCBuildConfiguration;
			buildSettings = {
				ASSETCATALOG_COMPILER_APPICON_NAME = AppIcon;
				CODE_SIGN_STYLE = Automatic;
				DEVELOPMENT_TEAM = 4XFFP8A6J5;
				INFOPLIST_FILE = GoodEatins/Info.plist;
				LD_RUNPATH_SEARCH_PATHS = (
					"$(inherited)",
					"@executable_path/Frameworks",
				);
				PRODUCT_BUNDLE_IDENTIFIER = com.gpcoders.GoodEatins;
				PRODUCT_NAME = "$(TARGET_NAME)";
				SWIFT_VERSION = 5.0;
				TARGETED_DEVICE_FAMILY = "1,2";
			};
			name = Debug;
		};
		069E9FD7226F855600AA9683 /* Release */ = {
			isa = XCBuildConfiguration;
			buildSettings = {
				ASSETCATALOG_COMPILER_APPICON_NAME = AppIcon;
				CODE_SIGN_STYLE = Automatic;
				DEVELOPMENT_TEAM = 4XFFP8A6J5;
				INFOPLIST_FILE = GoodEatins/Info.plist;
				LD_RUNPATH_SEARCH_PATHS = (
					"$(inherited)",
					"@executable_path/Frameworks",
				);
				PRODUCT_BUNDLE_IDENTIFIER = com.gpcoders.GoodEatins;
				PRODUCT_NAME = "$(TARGET_NAME)";
				SWIFT_VERSION = 5.0;
				TARGETED_DEVICE_FAMILY = "1,2";
			};
			name = Release;
		};
/* End XCBuildConfiguration section */

/* Begin XCConfigurationList section */
		069E9FBE226F855500AA9683 /* Build configuration list for PBXProject "GoodEatins" */ = {
			isa = XCConfigurationList;
			buildConfigurations = (
				069E9FD3226F855600AA9683 /* Debug */,
				069E9FD4226F855600AA9683 /* Release */,
			);
			defaultConfigurationIsVisible = 0;
			defaultConfigurationName = Release;
		};
		069E9FD5226F855600AA9683 /* Build configuration list for PBXNativeTarget "GoodEatins" */ = {
			isa = XCConfigurationList;
			buildConfigurations = (
				069E9FD6226F855600AA9683 /* Debug */,
				069E9FD7226F855600AA9683 /* Release */,
			);
			defaultConfigurationIsVisible = 0;
			defaultConfigurationName = Release;
		};
/* End XCConfigurationList section */
	};
	rootObject = 069E9FBB226F855500AA9683 /* Project object */;
}
